
Microsoft Visual Studio Solution File, Format Version 12.00
# Visual Studio Version 17
VisualStudioVersion = 17.7.34202.233
MinimumVisualStudioVersion = 10.0.40219.1
Project("{FAE04EC0-301F-11D3-BF4B-00C04F79EFBC}") = "Facturación", "Facturación.csproj", "{956FBF15-7AF8-4EAE-8FC1-7D6B90F70B98}"
EndProject
Global
	GlobalSection(SolutionConfigurationPlatforms) = preSolution
		Debug|Any CPU = Debug|Any CPU
		Release|Any CPU = Release|Any CPU
	EndGlobalSection
	GlobalSection(ProjectConfigurationPlatforms) = postSolution
		{956FBF15-7AF8-4EAE-8FC1-7D6B90F70B98}.Debug|Any CPU.ActiveCfg = Debug|Any CPU
		{956FBF15-7AF8-4EAE-8FC1-7D6B90F70B98}.Debug|Any CPU.Build.0 = Debug|Any CPU
		{956FBF15-7AF8-4EAE-8FC1-7D6B90F70B98}.Release|Any CPU.ActiveCfg = Release|Any CPU
		{956FBF15-7AF8-4EAE-8FC1-7D6B90F70B98}.Release|Any CPU.Build.0 = Release|Any CPU
	EndGlobalSection
	GlobalSection(SolutionProperties) = preSolution
		HideSolutionNode = FALSE
	EndGlobalSection
	GlobalSection(ExtensibilityGlobals) = postSolution
		SolutionGuid = {3FE6EE9B-8659-48D6-B028-9290B8D06052}
	EndGlobalSection
EndGlobal
